{
  "nodes": {
    "nixpkgs": {
      "locked": {
        "lastModified": 1645569956,
        "narHash": "sha256-zQMf1JS+lgo1Xrs1Q0uKMul8OQ+LE4FAr0mepKPdAqo=",
        "owner": "nixos",
        "repo": "nixpkgs",
        "rev": "e293c918e044047e73594086cf3aa47e78bbb9f4",
        "type": "github"
      },
      "original": {
        "owner": "nixos",
        "ref": "release-21.11",
        "repo": "nixpkgs",
        "type": "github"
      }
    },
    "root": {
      "inputs": {
        "nixpkgs": "nixpkgs",
        "utils": "utils"
      }
    },
    "utils": {
      "locked": {
        "lastModified": 1644229661,
        "narHash": "sha256-1YdnJAsNy69bpcjuoKdOYQX0YxZBiCYZo4Twxerqv7k=",
        "owner": "numtide",
        "repo": "flake-utils",
        "rev": "3cecb5b042f7f209c56ffd8371b2711a290ec797",
        "type": "github"
      },
      "original": {
        "owner": "numtide",
        "repo": "flake-utils",
        "type": "github"
      }
    }
  },
  "root": "root",
  "version": 7
}
